// !$*UTF8*$!
{
	archiveVersion = 1;
	classes = {
	};
	objectVersion = 50;
	objects = {

/* Begin PBXBuildFile section */
		07B7B1312195F6EC0049817E /* AppDelegate.swift in Sources */ = {isa = PBXBuildFile; fileRef = 07B7B1302195F6EC0049817E /* AppDelegate.swift */; };
		07B7B1332195F6EC0049817E /* ViewController.swift in Sources */ = {isa = PBXBuildFile; fileRef = 07B7B1322195F6EC0049817E /* ViewController.swift */; };
		07B7B1362195F6EC0049817E /* Main.storyboard in Resources */ = {isa = PBXBuildFile; fileRef = 07B7B1342195F6EC0049817E /* Main.storyboard */; };
		07B7B1392195F6EC0049817E /* ClassR.xcdatamodeld in Sources */ = {isa = PBXBuildFile; fileRef = 07B7B1372195F6EC0049817E /* ClassR.xcdatamodeld */; };
		07B7B13B2195F6EF0049817E /* Assets.xcassets in Resources */ = {isa = PBXBuildFile; fileRef = 07B7B13A2195F6EF0049817E /* Assets.xcassets */; };
		07B7B13E2195F6EF0049817E /* LaunchScreen.storyboard in Resources */ = {isa = PBXBuildFile; fileRef = 07B7B13C2195F6EF0049817E /* LaunchScreen.storyboard */; };
		07B7B1482195F74F0049817E /* NewsTableView.swift in Sources */ = {isa = PBXBuildFile; fileRef = 07B7B1452195F74F0049817E /* NewsTableView.swift */; };
		07B7B1492195F74F0049817E /* NewsViewController.swift in Sources */ = {isa = PBXBuildFile; fileRef = 07B7B1462195F74F0049817E /* NewsViewController.swift */; };
		07B7B14A2195F74F0049817E /* NewsTableViewCell.swift in Sources */ = {isa = PBXBuildFile; fileRef = 07B7B1472195F74F0049817E /* NewsTableViewCell.swift */; };
		07B7B14C219602790049817E /* OpenSans-Regular.ttf in Resources */ = {isa = PBXBuildFile; fileRef = 07B7B14B219602780049817E /* OpenSans-Regular.ttf */; };
		07B7B14E219602A90049817E /* OpenSans-Bold.ttf in Resources */ = {isa = PBXBuildFile; fileRef = 07B7B14D219602A90049817E /* OpenSans-Bold.ttf */; };
		07B7B150219603030049817E /* OpenSans-Light.ttf in Resources */ = {isa = PBXBuildFile; fileRef = 07B7B14F219603020049817E /* OpenSans-Light.ttf */; };
		07B7B1522196041F0049817E /* GoogleService-Info.plist in Resources */ = {isa = PBXBuildFile; fileRef = 07B7B1512196041F0049817E /* GoogleService-Info.plist */; };
		07B7B154219608AA0049817E /* Status.swift in Sources */ = {isa = PBXBuildFile; fileRef = 07B7B153219608AA0049817E /* Status.swift */; };
		07B7B1562196315C0049817E /* CommentViewController.swift in Sources */ = {isa = PBXBuildFile; fileRef = 07B7B1552196315C0049817E /* CommentViewController.swift */; };
		07B7B158219632E40049817E /* CommentTableView.swift in Sources */ = {isa = PBXBuildFile; fileRef = 07B7B157219632E40049817E /* CommentTableView.swift */; };
		07B7B15A2196335E0049817E /* CommentTableViewCell.swift in Sources */ = {isa = PBXBuildFile; fileRef = 07B7B1592196335E0049817E /* CommentTableViewCell.swift */; };
		07B7B15C21967ED40049817E /* CommentHeaderTableViewCell.swift in Sources */ = {isa = PBXBuildFile; fileRef = 07B7B15B21967ED40049817E /* CommentHeaderTableViewCell.swift */; };
		07B7B15E21969FCC0049817E /* Course.swift in Sources */ = {isa = PBXBuildFile; fileRef = 07B7B15D21969FCC0049817E /* Course.swift */; };
/* End PBXBuildFile section */

/* Begin PBXFileReference section */
		07B7B12D2195F6EC0049817E /* ClassR.app */ = {isa = PBXFileReference; explicitFileType = wrapper.application; includeInIndex = 0; path = ClassR.app; sourceTree = BUILT_PRODUCTS_DIR; };
		07B7B1302195F6EC0049817E /* AppDelegate.swift */ = {isa = PBXFileReference; lastKnownFileType = sourcecode.swift; path = AppDelegate.swift; sourceTree = "<group>"; };
		07B7B1322195F6EC0049817E /* ViewController.swift */ = {isa = PBXFileReference; lastKnownFileType = sourcecode.swift; path = ViewController.swift; sourceTree = "<group>"; };
		07B7B1352195F6EC0049817E /* Base */ = {isa = PBXFileReference; lastKnownFileType = file.storyboard; name = Base; path = Base.lproj/Main.storyboard; sourceTree = "<group>"; };
		07B7B1382195F6EC0049817E /* ClassR.xcdatamodel */ = {isa = PBXFileReference; lastKnownFileType = wrapper.xcdatamodel; path = ClassR.xcdatamodel; sourceTree = "<group>"; };
		07B7B13A2195F6EF0049817E /* Assets.xcassets */ = {isa = PBXFileReference; lastKnownFileType = folder.assetcatalog; path = Assets.xcassets; sourceTree = "<group>"; };
		07B7B13D2195F6EF0049817E /* Base */ = {isa = PBXFileReference; lastKnownFileType = file.storyboard; name = Base; path = Base.lproj/LaunchScreen.storyboard; sourceTree = "<group>"; };
		07B7B13F2195F6EF0049817E /* Info.plist */ = {isa = PBXFileReference; lastKnownFileType = text.plist.xml; path = Info.plist; sourceTree = "<group>"; };
		07B7B1452195F74F0049817E /* NewsTableView.swift */ = {isa = PBXFileReference; fileEncoding = 4; lastKnownFileType = sourcecode.swift; path = NewsTableView.swift; sourceTree = "<group>"; };
		07B7B1462195F74F0049817E /* NewsViewController.swift */ = {isa = PBXFileReference; fileEncoding = 4; lastKnownFileType = sourcecode.swift; path = NewsViewController.swift; sourceTree = "<group>"; };
		07B7B1472195F74F0049817E /* NewsTableViewCell.swift */ = {isa = PBXFileReference; fileEncoding = 4; lastKnownFileType = sourcecode.swift; path = NewsTableViewCell.swift; sourceTree = "<group>"; };
		07B7B14B219602780049817E /* OpenSans-Regular.ttf */ = {isa = PBXFileReference; lastKnownFileType = file; path = "OpenSans-Regular.ttf"; sourceTree = "<group>"; };
		07B7B14D219602A90049817E /* OpenSans-Bold.ttf */ = {isa = PBXFileReference; lastKnownFileType = file; path = "OpenSans-Bold.ttf"; sourceTree = "<group>"; };
		07B7B14F219603020049817E /* OpenSans-Light.ttf */ = {isa = PBXFileReference; lastKnownFileType = file; path = "OpenSans-Light.ttf"; sourceTree = "<group>"; };
		07B7B1512196041F0049817E /* GoogleService-Info.plist */ = {isa = PBXFileReference; fileEncoding = 4; lastKnownFileType = text.plist.xml; path = "GoogleService-Info.plist"; sourceTree = "<group>"; };
		07B7B153219608AA0049817E /* Status.swift */ = {isa = PBXFileReference; lastKnownFileType = sourcecode.swift; path = Status.swift; sourceTree = "<group>"; };
		07B7B1552196315C0049817E /* CommentViewController.swift */ = {isa = PBXFileReference; lastKnownFileType = sourcecode.swift; path = CommentViewController.swift; sourceTree = "<group>"; };
		07B7B157219632E40049817E /* CommentTableView.swift */ = {isa = PBXFileReference; lastKnownFileType = sourcecode.swift; path = CommentTableView.swift; sourceTree = "<group>"; };
		07B7B1592196335E0049817E /* CommentTableViewCell.swift */ = {isa = PBXFileReference; lastKnownFileType = sourcecode.swift; path = CommentTableViewCell.swift; sourceTree = "<group>"; };
		07B7B15B21967ED40049817E /* CommentHeaderTableViewCell.swift */ = {isa = PBXFileReference; lastKnownFileType = sourcecode.swift; path = CommentHeaderTableViewCell.swift; sourceTree = "<group>"; };
		07B7B15D21969FCC0049817E /* Course.swift */ = {isa = PBXFileReference; lastKnownFileType = sourcecode.swift; path = Course.swift; sourceTree = "<group>"; };
/* End PBXFileReference section */

/* Begin PBXFrameworksBuildPhase section */
		07B7B12A2195F6EC0049817E /* Frameworks */ = {
			isa = PBXFrameworksBuildPhase;
			buildActionMask = 2147483647;
			files = (
			);
			runOnlyForDeploymentPostprocessing = 0;
		};
/* End PBXFrameworksBuildPhase section */

/* Begin PBXGroup section */
		07B7B1242195F6EC0049817E = {
			isa = PBXGroup;
			children = (
				07B7B12F2195F6EC0049817E /* ClassR */,
				07B7B12E2195F6EC0049817E /* Products */,
			);
			sourceTree = "<group>";
		};
		07B7B12E2195F6EC0049817E /* Products */ = {
			isa = PBXGroup;
			children = (
				07B7B12D2195F6EC0049817E /* ClassR.app */,
			);
			name = Products;
			sourceTree = "<group>";
		};
		07B7B12F2195F6EC0049817E /* ClassR */ = {
			isa = PBXGroup;
			children = (
				07B7B14B219602780049817E /* OpenSans-Regular.ttf */,
				07B7B14D219602A90049817E /* OpenSans-Bold.ttf */,
				07B7B1302195F6EC0049817E /* AppDelegate.swift */,
				07B7B14F219603020049817E /* OpenSans-Light.ttf */,
				07B7B1452195F74F0049817E /* NewsTableView.swift */,
				07B7B1472195F74F0049817E /* NewsTableViewCell.swift */,
				07B7B153219608AA0049817E /* Status.swift */,
				07B7B15D21969FCC0049817E /* Course.swift */,
				07B7B1462195F74F0049817E /* NewsViewController.swift */,
				07B7B1322195F6EC0049817E /* ViewController.swift */,
				07B7B1342195F6EC0049817E /* Main.storyboard */,
				07B7B15B21967ED40049817E /* CommentHeaderTableViewCell.swift */,
				07B7B1592196335E0049817E /* CommentTableViewCell.swift */,
				07B7B157219632E40049817E /* CommentTableView.swift */,
				07B7B1552196315C0049817E /* CommentViewController.swift */,
				07B7B13A2195F6EF0049817E /* Assets.xcassets */,
				07B7B13C2195F6EF0049817E /* LaunchScreen.storyboard */,
				07B7B1512196041F0049817E /* GoogleService-Info.plist */,
				07B7B13F2195F6EF0049817E /* Info.plist */,
				07B7B1372195F6EC0049817E /* ClassR.xcdatamodeld */,
			);
			path = ClassR;
			sourceTree = "<group>";
		};
/* End PBXGroup section */

/* Begin PBXNativeTarget section */
		07B7B12C2195F6EC0049817E /* ClassR */ = {
			isa = PBXNativeTarget;
			buildConfigurationList = 07B7B1422195F6EF0049817E /* Build configuration list for PBXNativeTarget "ClassR" */;
			buildPhases = (
				07B7B1292195F6EC0049817E /* Sources */,
				07B7B12A2195F6EC0049817E /* Frameworks */,
				07B7B12B2195F6EC0049817E /* Resources */,
			);
			buildRules = (
			);
			dependencies = (
			);
			name = ClassR;
			productName = ClassR;
			productReference = 07B7B12D2195F6EC0049817E /* ClassR.app */;
			productType = "com.apple.product-type.application";
		};
/* End PBXNativeTarget section */

/* Begin PBXProject section */
		07B7B1252195F6EC0049817E /* Project object */ = {
			isa = PBXProject;
			attributes = {
				LastSwiftUpdateCheck = 1010;
				LastUpgradeCheck = 1010;
				ORGANIZATIONNAME = "Evan Shrestha";
				TargetAttributes = {
					07B7B12C2195F6EC0049817E = {
						CreatedOnToolsVersion = 10.1;
					};
				};
			};
			buildConfigurationList = 07B7B1282195F6EC0049817E /* Build configuration list for PBXProject "ClassR" */;
			compatibilityVersion = "Xcode 9.3";
			developmentRegion = en;
			hasScannedForEncodings = 0;
			knownRegions = (
				en,
				Base,
			);
			mainGroup = 07B7B1242195F6EC0049817E;
			productRefGroup = 07B7B12E2195F6EC0049817E /* Products */;
			projectDirPath = "";
			projectRoot = "";
			targets = (
				07B7B12C2195F6EC0049817E /* ClassR */,
			);
		};
/* End PBXProject section */

/* Begin PBXResourcesBuildPhase section */
		07B7B12B2195F6EC0049817E /* Resources */ = {
			isa = PBXResourcesBuildPhase;
			buildActionMask = 2147483647;
			files = (
				07B7B150219603030049817E /* OpenSans-Light.ttf in Resources */,
				07B7B13E2195F6EF0049817E /* LaunchScreen.storyboard in Resources */,
				07B7B13B2195F6EF0049817E /* Assets.xcassets in Resources */,
				07B7B14C219602790049817E /* OpenSans-Regular.ttf in Resources */,
				07B7B14E219602A90049817E /* OpenSans-Bold.ttf in Resources */,
				07B7B1362195F6EC0049817E /* Main.storyboard in Resources */,
				07B7B1522196041F0049817E /* GoogleService-Info.plist in Resources */,
			);
			runOnlyForDeploymentPostprocessing = 0;
		};
/* End PBXResourcesBuildPhase section */

/* Begin PBXSourcesBuildPhase section */
		07B7B1292195F6EC0049817E /* Sources */ = {
			isa = PBXSourcesBuildPhase;
			buildActionMask = 2147483647;
			files = (
				07B7B15E21969FCC0049817E /* Course.swift in Sources */,
				07B7B1562196315C0049817E /* CommentViewController.swift in Sources */,
				07B7B158219632E40049817E /* CommentTableView.swift in Sources */,
				07B7B1332195F6EC0049817E /* ViewController.swift in Sources */,
				07B7B1312195F6EC0049817E /* AppDelegate.swift in Sources */,
				07B7B154219608AA0049817E /* Status.swift in Sources */,
				07B7B14A2195F74F0049817E /* NewsTableViewCell.swift in Sources */,
				07B7B1482195F74F0049817E /* NewsTableView.swift in Sources */,
				07B7B15A2196335E0049817E /* CommentTableViewCell.swift in Sources */,
				07B7B1492195F74F0049817E /* NewsViewController.swift in Sources */,
				07B7B15C21967ED40049817E /* CommentHeaderTableViewCell.swift in Sources */,
				07B7B1392195F6EC0049817E /* ClassR.xcdatamodeld in Sources */,
			);
			runOnlyForDeploymentPostprocessing = 0;
		};
/* End PBXSourcesBuildPhase section */

/* Begin PBXVariantGroup section */
		07B7B1342195F6EC0049817E /* Main.storyboard */ = {
			isa = PBXVariantGroup;
			children = (
				07B7B1352195F6EC0049817E /* Base */,
			);
			name = Main.storyboard;
			sourceTree = "<group>";
		};
		07B7B13C2195F6EF0049817E /* LaunchScreen.storyboard */ = {
			isa = PBXVariantGroup;
			children = (
				07B7B13D2195F6EF0049817E /* Base */,
			);
			name = LaunchScreen.storyboard;
			sourceTree = "<group>";
		};
/* End PBXVariantGroup section */

/* Begin XCBuildConfiguration section */
		07B7B1402195F6EF0049817E /* Debug */ = {
			isa = XCBuildConfiguration;
			buildSettings = {
				ALWAYS_SEARCH_USER_PATHS = NO;
				CLANG_ANALYZER_NONNULL = YES;
				CLANG_ANALYZER_NUMBER_OBJECT_CONVERSION = YES_AGGRESSIVE;
				CLANG_CXX_LANGUAGE_STANDARD = "gnu++14";
				CLANG_CXX_LIBRARY = "libc++";
				CLANG_ENABLE_MODULES = YES;
				CLANG_ENABLE_OBJC_ARC = YES;
				CLANG_ENABLE_OBJC_WEAK = YES;
				CLANG_WARN_BLOCK_CAPTURE_AUTORELEASING = YES;
				CLANG_WARN_BOOL_CONVERSION = YES;
				CLANG_WARN_COMMA = YES;
				CLANG_WARN_CONSTANT_CONVERSION = YES;
				CLANG_WARN_DEPRECATED_OBJC_IMPLEMENTATIONS = YES;
				CLANG_WARN_DIRECT_OBJC_ISA_USAGE = YES_ERROR;
				CLANG_WARN_DOCUMENTATION_COMMENTS = YES;
				CLANG_WARN_EMPTY_BODY = YES;
				CLANG_WARN_ENUM_CONVERSION = YES;
				CLANG_WARN_INFINITE_RECURSION = YES;
				CLANG_WARN_INT_CONVERSION = YES;
				CLANG_WARN_NON_LITERAL_NULL_CONVERSION = YES;
				CLANG_WARN_OBJC_IMPLICIT_RETAIN_SELF = YES;
				CLANG_WARN_OBJC_LITERAL_CONVERSION = YES;
				CLANG_WARN_OBJC_ROOT_CLASS = YES_ERROR;
				CLANG_WARN_RANGE_LOOP_ANALYSIS = YES;
				CLANG_WARN_STRICT_PROTOTYPES = YES;
				CLANG_WARN_SUSPICIOUS_MOVE = YES;
				CLANG_WARN_UNGUARDED_AVAILABILITY = YES_AGGRESSIVE;
				CLANG_WARN_UNREACHABLE_CODE = YES;
				CLANG_WARN__DUPLICATE_METHOD_MATCH = YES;
				CODE_SIGN_IDENTITY = "iPhone Developer";
				COPY_PHASE_STRIP = NO;
				DEBUG_INFORMATION_FORMAT = dwarf;
				ENABLE_STRICT_OBJC_MSGSEND = YES;
				ENABLE_TESTABILITY = YES;
				GCC_C_LANGUAGE_STANDARD = gnu11;
				GCC_DYNAMIC_NO_PIC = NO;
				GCC_NO_COMMON_BLOCKS = YES;
				GCC_OPTIMIZATION_LEVEL = 0;
				GCC_PREPROCESSOR_DEFINITIONS = (
					"DEBUG=1",
					"$(inherited)",
				);
				GCC_WARN_64_TO_32_BIT_CONVERSION = YES;
				GCC_WARN_ABOUT_RETURN_TYPE = YES_ERROR;
				GCC_WARN_UNDECLARED_SELECTOR = YES;
				GCC_WARN_UNINITIALIZED_AUTOS = YES_AGGRESSIVE;
				GCC_WARN_UNUSED_FUNCTION = YES;
				GCC_WARN_UNUSED_VARIABLE = YES;
				IPHONEOS_DEPLOYMENT_TARGET = 12.1;
				MTL_ENABLE_DEBUG_INFO = INCLUDE_SOURCE;
				MTL_FAST_MATH = YES;
				ONLY_ACTIVE_ARCH = YES;
				SDKROOT = iphoneos;
				SWIFT_ACTIVE_COMPILATION_CONDITIONS = DEBUG;
				SWIFT_OPTIMIZATION_LEVEL = "-Onone";
			};
			name = Debug;
		};
		07B7B1412195F6EF0049817E /* Release */ = {
			isa = XCBuildConfiguration;
			buildSettings = {
				ALWAYS_SEARCH_USER_PATHS = NO;
				CLANG_ANALYZER_NONNULL = YES;
				CLANG_ANALYZER_NUMBER_OBJECT_CONVERSION = YES_AGGRESSIVE;
				CLANG_CXX_LANGUAGE_STANDARD = "gnu++14";
				CLANG_CXX_LIBRARY = "libc++";
				CLANG_ENABLE_MODULES = YES;
				CLANG_ENABLE_OBJC_ARC = YES;
				CLANG_ENABLE_OBJC_WEAK = YES;
				CLANG_WARN_BLOCK_CAPTURE_AUTORELEASING = YES;
				CLANG_WARN_BOOL_CONVERSION = YES;
				CLANG_WARN_COMMA = YES;
				CLANG_WARN_CONSTANT_CONVERSION = YES;
				CLANG_WARN_DEPRECATED_OBJC_IMPLEMENTATIONS = YES;
				CLANG_WARN_DIRECT_OBJC_ISA_USAGE = YES_ERROR;
				CLANG_WARN_DOCUMENTATION_COMMENTS = YES;
				CLANG_WARN_EMPTY_BODY = YES;
				CLANG_WARN_ENUM_CONVERSION = YES;
				CLANG_WARN_INFINITE_RECURSION = YES;
				CLANG_WARN_INT_CONVERSION = YES;
				CLANG_WARN_NON_LITERAL_NULL_CONVERSION = YES;
				CLANG_WARN_OBJC_IMPLICIT_RETAIN_SELF = YES;
				CLANG_WARN_OBJC_LITERAL_CONVERSION = YES;
				CLANG_WARN_OBJC_ROOT_CLASS = YES_ERROR;
				CLANG_WARN_RANGE_LOOP_ANALYSIS = YES;
				CLANG_WARN_STRICT_PROTOTYPES = YES;
				CLANG_WARN_SUSPICIOUS_MOVE = YES;
				CLANG_WARN_UNGUARDED_AVAILABILITY = YES_AGGRESSIVE;
				CLANG_WARN_UNREACHABLE_CODE = YES;
				CLANG_WARN__DUPLICATE_METHOD_MATCH = YES;
				CODE_SIGN_IDENTITY = "iPhone Developer";
				COPY_PHASE_STRIP = NO;
				DEBUG_INFORMATION_FORMAT = "dwarf-with-dsym";
				ENABLE_NS_ASSERTIONS = NO;
				ENABLE_STRICT_OBJC_MSGSEND = YES;
				GCC_C_LANGUAGE_STANDARD = gnu11;
				GCC_NO_COMMON_BLOCKS = YES;
				GCC_WARN_64_TO_32_BIT_CONVERSION = YES;
				GCC_WARN_ABOUT_RETURN_TYPE = YES_ERROR;
				GCC_WARN_UNDECLARED_SELECTOR = YES;
				GCC_WARN_UNINITIALIZED_AUTOS = YES_AGGRESSIVE;
				GCC_WARN_UNUSED_FUNCTION = YES;
				GCC_WARN_UNUSED_VARIABLE = YES;
				IPHONEOS_DEPLOYMENT_TARGET = 12.1;
				MTL_ENABLE_DEBUG_INFO = NO;
				MTL_FAST_MATH = YES;
				SDKROOT = iphoneos;
				SWIFT_COMPILATION_MODE = wholemodule;
				SWIFT_OPTIMIZATION_LEVEL = "-O";
				VALIDATE_PRODUCT = YES;
			};
			name = Release;
		};
		07B7B1432195F6EF0049817E /* Debug */ = {
			isa = XCBuildConfiguration;
			buildSettings = {
				ASSETCATALOG_COMPILER_APPICON_NAME = AppIcon;
				CODE_SIGN_STYLE = Automatic;
				DEVELOPMENT_TEAM = 3W4L6CCT7U;
				INFOPLIST_FILE = ClassR/Info.plist;
				LD_RUNPATH_SEARCH_PATHS = (
					"$(inherited)",
					"@executable_path/Frameworks",
				);
				PRODUCT_BUNDLE_IDENTIFIER = com.gmail.evanshrestha.ClassR;
				PRODUCT_NAME = "$(TARGET_NAME)";
				SWIFT_VERSION = 4.2;
				TARGETED_DEVICE_FAMILY = "1,2";
			};
			name = Debug;
		};
		07B7B1442195F6EF0049817E /* Release */ = {
			isa = XCBuildConfiguration;
			buildSettings = {
				ASSETCATALOG_COMPILER_APPICON_NAME = AppIcon;
				CODE_SIGN_STYLE = Automatic;
				DEVELOPMENT_TEAM = 3W4L6CCT7U;
				INFOPLIST_FILE = ClassR/Info.plist;
				LD_RUNPATH_SEARCH_PATHS = (
					"$(inherited)",
					"@executable_path/Frameworks",
				);
				PRODUCT_BUNDLE_IDENTIFIER = com.gmail.evanshrestha.ClassR;
				PRODUCT_NAME = "$(TARGET_NAME)";
				SWIFT_VERSION = 4.2;
				TARGETED_DEVICE_FAMILY = "1,2";
			};
			name = Release;
		};
/* End XCBuildConfiguration section */

/* Begin XCConfigurationList section */
		07B7B1282195F6EC0049817E /* Build configuration list for PBXProject "ClassR" */ = {
			isa = XCConfigurationList;
			buildConfigurations = (
				07B7B1402195F6EF0049817E /* Debug */,
				07B7B1412195F6EF0049817E /* Release */,
			);
			defaultConfigurationIsVisible = 0;
			defaultConfigurationName = Release;
		};
		07B7B1422195F6EF0049817E /* Build configuration list for PBXNativeTarget "ClassR" */ = {
			isa = XCConfigurationList;
			buildConfigurations = (
				07B7B1432195F6EF0049817E /* Debug */,
				07B7B1442195F6EF0049817E /* Release */,
			);
			defaultConfigurationIsVisible = 0;
			defaultConfigurationName = Release;
		};
/* End XCConfigurationList section */

/* Begin XCVersionGroup section */
		07B7B1372195F6EC0049817E /* ClassR.xcdatamodeld */ = {
			isa = XCVersionGroup;
			children = (
				07B7B1382195F6EC0049817E /* ClassR.xcdatamodel */,
			);
			currentVersion = 07B7B1382195F6EC0049817E /* ClassR.xcdatamodel */;
			path = ClassR.xcdatamodeld;
			sourceTree = "<group>";
			versionGroupType = wrapper.xcdatamodel;
		};
/* End XCVersionGroup section */
	};
	rootObject = 07B7B1252195F6EC0049817E /* Project object */;
}
